
Microsoft Visual Studio Solution File, Format Version 12.00
# Visual Studio Version 16
VisualStudioVersion = 16.0.30204.135
MinimumVisualStudioVersion = 10.0.40219.1
Project("{FAE04EC0-301F-11D3-BF4B-00C04F79EFBC}") = "IntelliCenterControl.Android", "IntelliCenterControl\IntelliCenterControl.Android\IntelliCenterControl.Android.csproj", "{5D8570A6-2DD8-4927-867A-FE81E10FFF2E}"
EndProject
Project("{FAE04EC0-301F-11D3-BF4B-00C04F79EFBC}") = "IntelliCenterControl.iOS", "IntelliCenterControl\IntelliCenterControl.iOS\IntelliCenterControl.iOS.csproj", "{F8F78EF4-9423-4C86-8A65-DFE3BF72058D}"
EndProject
Project("{9A19103F-16F7-4668-BE54-9A1E7A4F7556}") = "IntelliCenterControl", "IntelliCenterControl\IntelliCenterControl\IntelliCenterControl.csproj", "{A6D069D2-152F-4A52-B3D8-8C8153490BAE}"
EndProject
Global
	GlobalSection(SolutionConfigurationPlatforms) = preSolution
		Debug|Any CPU = Debug|Any CPU
		Debug|ARM = Debug|ARM
		Debug|ARM64 = Debug|ARM64
		Debug|iPhone = Debug|iPhone
		Debug|iPhoneSimulator = Debug|iPhoneSimulator
		Debug|x64 = Debug|x64
		Debug|x86 = Debug|x86
		Release|Any CPU = Release|Any CPU
		Release|ARM = Release|ARM
		Release|ARM64 = Release|ARM64
		Release|iPhone = Release|iPhone
		Release|iPhoneSimulator = Release|iPhoneSimulator
		Release|x64 = Release|x64
		Release|x86 = Release|x86
	EndGlobalSection
	GlobalSection(ProjectConfigurationPlatforms) = postSolution
		{5D8570A6-2DD8-4927-867A-FE81E10FFF2E}.Debug|Any CPU.ActiveCfg = Debug|Any CPU
		{5D8570A6-2DD8-4927-867A-FE81E10FFF2E}.Debug|Any CPU.Build.0 = Debug|Any CPU
		{5D8570A6-2DD8-4927-867A-FE81E10FFF2E}.Debug|Any CPU.Deploy.0 = Debug|Any CPU
		{5D8570A6-2DD8-4927-867A-FE81E10FFF2E}.Debug|ARM.ActiveCfg = Debug|Any CPU
		{5D8570A6-2DD8-4927-867A-FE81E10FFF2E}.Debug|ARM.Build.0 = Debug|Any CPU
		{5D8570A6-2DD8-4927-867A-FE81E10FFF2E}.Debug|ARM.Deploy.0 = Debug|Any CPU
		{5D8570A6-2DD8-4927-867A-FE81E10FFF2E}.Debug|ARM64.ActiveCfg = Debug|Any CPU
		{5D8570A6-2DD8-4927-867A-FE81E10FFF2E}.Debug|ARM64.Build.0 = Debug|Any CPU
		{5D8570A6-2DD8-4927-867A-FE81E10FFF2E}.Debug|ARM64.Deploy.0 = Debug|Any CPU
		{5D8570A6-2DD8-4927-867A-FE81E10FFF2E}.Debug|iPhone.ActiveCfg = Debug|Any CPU
		{5D8570A6-2DD8-4927-867A-FE81E10FFF2E}.Debug|iPhone.Build.0 = Debug|Any CPU
		{5D8570A6-2DD8-4927-867A-FE81E10FFF2E}.Debug|iPhone.Deploy.0 = Debug|Any CPU
		{5D8570A6-2DD8-4927-867A-FE81E10FFF2E}.Debug|iPhoneSimulator.ActiveCfg = Debug|Any CPU
		{5D8570A6-2DD8-4927-867A-FE81E10FFF2E}.Debug|iPhoneSimulator.Build.0 = Debug|Any CPU
		{5D8570A6-2DD8-4927-867A-FE81E10FFF2E}.Debug|iPhoneSimulator.Deploy.0 = Debug|Any CPU
		{5D8570A6-2DD8-4927-867A-FE81E10FFF2E}.Debug|x64.ActiveCfg = Debug|Any CPU
		{5D8570A6-2DD8-4927-867A-FE81E10FFF2E}.Debug|x64.Build.0 = Debug|Any CPU
		{5D8570A6-2DD8-4927-867A-FE81E10FFF2E}.Debug|x64.Deploy.0 = Debug|Any CPU
		{5D8570A6-2DD8-4927-867A-FE81E10FFF2E}.Debug|x86.ActiveCfg = Debug|Any CPU
		{5D8570A6-2DD8-4927-867A-FE81E10FFF2E}.Debug|x86.Build.0 = Debug|Any CPU
		{5D8570A6-2DD8-4927-867A-FE81E10FFF2E}.Debug|x86.Deploy.0 = Debug|Any CPU
		{5D8570A6-2DD8-4927-867A-FE81E10FFF2E}.Release|Any CPU.ActiveCfg = Release|Any CPU
		{5D8570A6-2DD8-4927-867A-FE81E10FFF2E}.Release|Any CPU.Build.0 = Release|Any CPU
		{5D8570A6-2DD8-4927-867A-FE81E10FFF2E}.Release|Any CPU.Deploy.0 = Release|Any CPU
		{5D8570A6-2DD8-4927-867A-FE81E10FFF2E}.Release|ARM.ActiveCfg = Release|Any CPU
		{5D8570A6-2DD8-4927-867A-FE81E10FFF2E}.Release|ARM.Build.0 = Release|Any CPU
		{5D8570A6-2DD8-4927-867A-FE81E10FFF2E}.Release|ARM.Deploy.0 = Release|Any CPU
		{5D8570A6-2DD8-4927-867A-FE81E10FFF2E}.Release|ARM64.ActiveCfg = Release|Any CPU
		{5D8570A6-2DD8-4927-867A-FE81E10FFF2E}.Release|ARM64.Build.0 = Release|Any CPU
		{5D8570A6-2DD8-4927-867A-FE81E10FFF2E}.Release|ARM64.Deploy.0 = Release|Any CPU
		{5D8570A6-2DD8-4927-867A-FE81E10FFF2E}.Release|iPhone.ActiveCfg = Release|Any CPU
		{5D8570A6-2DD8-4927-867A-FE81E10FFF2E}.Release|iPhone.Build.0 = Release|Any CPU
		{5D8570A6-2DD8-4927-867A-FE81E10FFF2E}.Release|iPhone.Deploy.0 = Release|Any CPU
		{5D8570A6-2DD8-4927-867A-FE81E10FFF2E}.Release|iPhoneSimulator.ActiveCfg = Release|Any CPU
		{5D8570A6-2DD8-4927-867A-FE81E10FFF2E}.Release|iPhoneSimulator.Build.0 = Release|Any CPU
		{5D8570A6-2DD8-4927-867A-FE81E10FFF2E}.Release|iPhoneSimulator.Deploy.0 = Release|Any CPU
		{5D8570A6-2DD8-4927-867A-FE81E10FFF2E}.Release|x64.ActiveCfg = Release|Any CPU
		{5D8570A6-2DD8-4927-867A-FE81E10FFF2E}.Release|x64.Build.0 = Release|Any CPU
		{5D8570A6-2DD8-4927-867A-FE81E10FFF2E}.Release|x64.Deploy.0 = Release|Any CPU
		{5D8570A6-2DD8-4927-867A-FE81E10FFF2E}.Release|x86.ActiveCfg = Release|Any CPU
		{5D8570A6-2DD8-4927-867A-FE81E10FFF2E}.Release|x86.Build.0 = Release|Any CPU
		{5D8570A6-2DD8-4927-867A-FE81E10FFF2E}.Release|x86.Deploy.0 = Release|Any CPU
		{F8F78EF4-9423-4C86-8A65-DFE3BF72058D}.Debug|Any CPU.ActiveCfg = Debug|iPhone
		{F8F78EF4-9423-4C86-8A65-DFE3BF72058D}.Debug|ARM.ActiveCfg = Debug|iPhoneSimulator
		{F8F78EF4-9423-4C86-8A65-DFE3BF72058D}.Debug|ARM64.ActiveCfg = Debug|iPhoneSimulator
		{F8F78EF4-9423-4C86-8A65-DFE3BF72058D}.Debug|iPhone.ActiveCfg = Debug|iPhone
		{F8F78EF4-9423-4C86-8A65-DFE3BF72058D}.Debug|iPhone.Build.0 = Debug|iPhone
		{F8F78EF4-9423-4C86-8A65-DFE3BF72058D}.Debug|iPhone.Deploy.0 = Debug|iPhone
		{F8F78EF4-9423-4C86-8A65-DFE3BF72058D}.Debug|iPhoneSimulator.ActiveCfg = Debug|iPhoneSimulator
		{F8F78EF4-9423-4C86-8A65-DFE3BF72058D}.Debug|iPhoneSimulator.Build.0 = Debug|iPhoneSimulator
		{F8F78EF4-9423-4C86-8A65-DFE3BF72058D}.Debug|iPhoneSimulator.Deploy.0 = Debug|iPhoneSimulator
		{F8F78EF4-9423-4C86-8A65-DFE3BF72058D}.Debug|x64.ActiveCfg = Debug|iPhoneSimulator
		{F8F78EF4-9423-4C86-8A65-DFE3BF72058D}.Debug|x86.ActiveCfg = Debug|iPhoneSimulator
		{F8F78EF4-9423-4C86-8A65-DFE3BF72058D}.Release|Any CPU.ActiveCfg = Release|iPhone
		{F8F78EF4-9423-4C86-8A65-DFE3BF72058D}.Release|ARM.ActiveCfg = Release|iPhoneSimulator
		{F8F78EF4-9423-4C86-8A65-DFE3BF72058D}.Release|ARM64.ActiveCfg = Release|iPhoneSimulator
		{F8F78EF4-9423-4C86-8A65-DFE3BF72058D}.Release|iPhone.ActiveCfg = Release|iPhone
		{F8F78EF4-9423-4C86-8A65-DFE3BF72058D}.Release|iPhone.Build.0 = Release|iPhone
		{F8F78EF4-9423-4C86-8A65-DFE3BF72058D}.Release|iPhone.Deploy.0 = Release|iPhone
		{F8F78EF4-9423-4C86-8A65-DFE3BF72058D}.Release|iPhoneSimulator.ActiveCfg = Release|iPhoneSimulator
		{F8F78EF4-9423-4C86-8A65-DFE3BF72058D}.Release|iPhoneSimulator.Build.0 = Release|iPhoneSimulator
		{F8F78EF4-9423-4C86-8A65-DFE3BF72058D}.Release|iPhoneSimulator.Deploy.0 = Release|iPhoneSimulator
		{F8F78EF4-9423-4C86-8A65-DFE3BF72058D}.Release|x64.ActiveCfg = Release|iPhoneSimulator
		{F8F78EF4-9423-4C86-8A65-DFE3BF72058D}.Release|x86.ActiveCfg = Release|iPhoneSimulator
		{A6D069D2-152F-4A52-B3D8-8C8153490BAE}.Debug|Any CPU.ActiveCfg = Debug|Any CPU
		{A6D069D2-152F-4A52-B3D8-8C8153490BAE}.Debug|Any CPU.Build.0 = Debug|Any CPU
		{A6D069D2-152F-4A52-B3D8-8C8153490BAE}.Debug|Any CPU.Deploy.0 = Debug|Any CPU
		{A6D069D2-152F-4A52-B3D8-8C8153490BAE}.Debug|ARM.ActiveCfg = Debug|Any CPU
		{A6D069D2-152F-4A52-B3D8-8C8153490BAE}.Debug|ARM.Build.0 = Debug|Any CPU
		{A6D069D2-152F-4A52-B3D8-8C8153490BAE}.Debug|ARM64.ActiveCfg = Debug|Any CPU
		{A6D069D2-152F-4A52-B3D8-8C8153490BAE}.Debug|ARM64.Build.0 = Debug|Any CPU
		{A6D069D2-152F-4A52-B3D8-8C8153490BAE}.Debug|iPhone.ActiveCfg = Debug|Any CPU
		{A6D069D2-152F-4A52-B3D8-8C8153490BAE}.Debug|iPhone.Build.0 = Debug|Any CPU
		{A6D069D2-152F-4A52-B3D8-8C8153490BAE}.Debug|iPhone.Deploy.0 = Debug|Any CPU
		{A6D069D2-152F-4A52-B3D8-8C8153490BAE}.Debug|iPhoneSimulator.ActiveCfg = Debug|Any CPU
		{A6D069D2-152F-4A52-B3D8-8C8153490BAE}.Debug|iPhoneSimulator.Build.0 = Debug|Any CPU
		{A6D069D2-152F-4A52-B3D8-8C8153490BAE}.Debug|iPhoneSimulator.Deploy.0 = Debug|Any CPU
		{A6D069D2-152F-4A52-B3D8-8C8153490BAE}.Debug|x64.ActiveCfg = Debug|Any CPU
		{A6D069D2-152F-4A52-B3D8-8C8153490BAE}.Debug|x64.Build.0 = Debug|Any CPU
		{A6D069D2-152F-4A52-B3D8-8C8153490BAE}.Debug|x86.ActiveCfg = Debug|Any CPU
		{A6D069D2-152F-4A52-B3D8-8C8153490BAE}.Debug|x86.Build.0 = Debug|Any CPU
		{A6D069D2-152F-4A52-B3D8-8C8153490BAE}.Release|Any CPU.ActiveCfg = Release|Any CPU
		{A6D069D2-152F-4A52-B3D8-8C8153490BAE}.Release|Any CPU.Build.0 = Release|Any CPU
		{A6D069D2-152F-4A52-B3D8-8C8153490BAE}.Release|Any CPU.Deploy.0 = Release|Any CPU
		{A6D069D2-152F-4A52-B3D8-8C8153490BAE}.Release|ARM.ActiveCfg = Release|Any CPU
		{A6D069D2-152F-4A52-B3D8-8C8153490BAE}.Release|ARM.Build.0 = Release|Any CPU
		{A6D069D2-152F-4A52-B3D8-8C8153490BAE}.Release|ARM64.ActiveCfg = Release|Any CPU
		{A6D069D2-152F-4A52-B3D8-8C8153490BAE}.Release|ARM64.Build.0 = Release|Any CPU
		{A6D069D2-152F-4A52-B3D8-8C8153490BAE}.Release|iPhone.ActiveCfg = Release|Any CPU
		{A6D069D2-152F-4A52-B3D8-8C8153490BAE}.Release|iPhone.Build.0 = Release|Any CPU
		{A6D069D2-152F-4A52-B3D8-8C8153490BAE}.Release|iPhone.Deploy.0 = Release|Any CPU
		{A6D069D2-152F-4A52-B3D8-8C8153490BAE}.Release|iPhoneSimulator.ActiveCfg = Release|Any CPU
		{A6D069D2-152F-4A52-B3D8-8C8153490BAE}.Release|iPhoneSimulator.Build.0 = Release|Any CPU
		{A6D069D2-152F-4A52-B3D8-8C8153490BAE}.Release|iPhoneSimulator.Deploy.0 = Release|Any CPU
		{A6D069D2-152F-4A52-B3D8-8C8153490BAE}.Release|x64.ActiveCfg = Release|Any CPU
		{A6D069D2-152F-4A52-B3D8-8C8153490BAE}.Release|x64.Build.0 = Release|Any CPU
		{A6D069D2-152F-4A52-B3D8-8C8153490BAE}.Release|x86.ActiveCfg = Release|Any CPU
		{A6D069D2-152F-4A52-B3D8-8C8153490BAE}.Release|x86.Build.0 = Release|Any CPU
	EndGlobalSection
	GlobalSection(SolutionProperties) = preSolution
		HideSolutionNode = FALSE
	EndGlobalSection
	GlobalSection(ExtensibilityGlobals) = postSolution
		SolutionGuid = {49C514F7-6AAA-4FBA-8EBD-64E9CB3EB580}
	EndGlobalSection
EndGlobal
